
Microsoft Visual Studio Solution File, Format Version 12.00
# Visual Studio 15
VisualStudioVersion = 15.0.27130.2036
MinimumVisualStudioVersion = 10.0.40219.1
Project("{FAE04EC0-301F-11D3-BF4B-00C04F79EFBC}") = "CppDoxyComplete", "CppDoxyComplete.csproj", "{EC07C9DB-4532-49AA-AC1B-1A81DEC1C6A9}"
EndProject
Global
	GlobalSection(SolutionConfigurationPlatforms) = preSolution
		Debug|Any CPU = Debug|Any CPU
		Release|Any CPU = Release|Any CPU
	EndGlobalSection
	GlobalSection(ProjectConfigurationPlatforms) = postSolution
		{EC07C9DB-4532-49AA-AC1B-1A81DEC1C6A9}.Debug|Any CPU.ActiveCfg = Debug|Any CPU
		{EC07C9DB-4532-49AA-AC1B-1A81DEC1C6A9}.Debug|Any CPU.Build.0 = Debug|Any CPU
		{EC07C9DB-4532-49AA-AC1B-1A81DEC1C6A9}.Release|Any CPU.ActiveCfg = Release|Any CPU
		{EC07C9DB-4532-49AA-AC1B-1A81DEC1C6A9}.Release|Any CPU.Build.0 = Release|Any CPU
	EndGlobalSection
	GlobalSection(SolutionProperties) = preSolution
		HideSolutionNode = FALSE
	EndGlobalSection
	GlobalSection(ExtensibilityGlobals) = postSolution
		SolutionGuid = {5EF4B4D1-6055-46DA-8367-7D66C505C373}
	EndGlobalSection
EndGlobal
